
Microsoft Visual Studio Solution File, Format Version 12.00
# Visual Studio 15
VisualStudioVersion = 15.0.27428.2037
MinimumVisualStudioVersion = 10.0.40219.1
Project("{FAE04EC0-301F-11D3-BF4B-00C04F79EFBC}") = "Tema6Problema4", "Tema6Problema4\Tema6Problema4.csproj", "{D1E459A8-1732-412C-B73F-5F7ADBA1FA33}"
EndProject
Global
	GlobalSection(SolutionConfigurationPlatforms) = preSolution
		Debug|Any CPU = Debug|Any CPU
		Release|Any CPU = Release|Any CPU
	EndGlobalSection
	GlobalSection(ProjectConfigurationPlatforms) = postSolution
		{D1E459A8-1732-412C-B73F-5F7ADBA1FA33}.Debug|Any CPU.ActiveCfg = Debug|Any CPU
		{D1E459A8-1732-412C-B73F-5F7ADBA1FA33}.Debug|Any CPU.Build.0 = Debug|Any CPU
		{D1E459A8-1732-412C-B73F-5F7ADBA1FA33}.Release|Any CPU.ActiveCfg = Release|Any CPU
		{D1E459A8-1732-412C-B73F-5F7ADBA1FA33}.Release|Any CPU.Build.0 = Release|Any CPU
	EndGlobalSection
	GlobalSection(SolutionProperties) = preSolution
		HideSolutionNode = FALSE
	EndGlobalSection
	GlobalSection(ExtensibilityGlobals) = postSolution
		SolutionGuid = {8D9B843E-F4DC-46FE-84E6-A0D2EC8581E1}
	EndGlobalSection
EndGlobal
